
Microsoft Visual Studio Solution File, Format Version 12.00
# Visual Studio Version 17
VisualStudioVersion = 17.5.33516.290
MinimumVisualStudioVersion = 10.0.40219.1
Project("{FAE04EC0-301F-11D3-BF4B-00C04F79EFBC}") = "Ray Tracer Challenge", "Ray Tracer Challenge.csproj", "{A2B46F1B-C7CC-46DB-98CE-7D3782999709}"
EndProject
Global
	GlobalSection(SolutionConfigurationPlatforms) = preSolution
		Debug|Any CPU = Debug|Any CPU
		Release|Any CPU = Release|Any CPU
	EndGlobalSection
	GlobalSection(ProjectConfigurationPlatforms) = postSolution
		{A2B46F1B-C7CC-46DB-98CE-7D3782999709}.Debug|Any CPU.ActiveCfg = Debug|Any CPU
		{A2B46F1B-C7CC-46DB-98CE-7D3782999709}.Debug|Any CPU.Build.0 = Debug|Any CPU
		{A2B46F1B-C7CC-46DB-98CE-7D3782999709}.Release|Any CPU.ActiveCfg = Release|Any CPU
		{A2B46F1B-C7CC-46DB-98CE-7D3782999709}.Release|Any CPU.Build.0 = Release|Any CPU
	EndGlobalSection
	GlobalSection(SolutionProperties) = preSolution
		HideSolutionNode = FALSE
	EndGlobalSection
	GlobalSection(ExtensibilityGlobals) = postSolution
		SolutionGuid = {2D7CDE9A-6342-46CB-9138-B34FB6696335}
	EndGlobalSection
EndGlobal
